{
  "name": "@lisk-react/use-lisk",
  "version": "0.4.5",
  "lockfileVersion": 1,
  "requires": true,
  "dependencies": {
    "@lisk-react/core": {
      "version": "0.0.5",
      "requires": {
        "@lisk-react/types": "^0.0.5"
      },
      "dependencies": {
        "@lisk-react/types": {
          "version": "0.0.5"
        }
      }
    },
    "@lisk-react/types": {
      "version": "0.0.5"
    }
  }
}
